// !$*UTF8*$!
{
	archiveVersion = 1;
	classes = {
	};
	objectVersion = 50;
	objects = {

/* Begin PBXBuildFile section */
		65BE531088C640C5A7677D53 /* Pods_RxswiftTest.framework in Frameworks */ = {isa = PBXBuildFile; fileRef = EE1D13FD63C6DEC9BEDFF5D7 /* Pods_RxswiftTest.framework */; };
		F4EB68F520CA58100007072D /* AppDelegate.swift in Sources */ = {isa = PBXBuildFile; fileRef = F4EB68F420CA58100007072D /* AppDelegate.swift */; };
		F4EB68FA20CA58100007072D /* Main.storyboard in Resources */ = {isa = PBXBuildFile; fileRef = F4EB68F820CA58100007072D /* Main.storyboard */; };
		F4EB68FC20CA58110007072D /* Assets.xcassets in Resources */ = {isa = PBXBuildFile; fileRef = F4EB68FB20CA58110007072D /* Assets.xcassets */; };
		F4EB68FF20CA58110007072D /* LaunchScreen.storyboard in Resources */ = {isa = PBXBuildFile; fileRef = F4EB68FD20CA58110007072D /* LaunchScreen.storyboard */; };
		F4EB690820CA58E70007072D /* MainViewController.swift in Sources */ = {isa = PBXBuildFile; fileRef = F4EB690620CA58E70007072D /* MainViewController.swift */; };
		F4EB690920CA58E70007072D /* MainViewController.xib in Resources */ = {isa = PBXBuildFile; fileRef = F4EB690720CA58E70007072D /* MainViewController.xib */; };
/* End PBXBuildFile section */

/* Begin PBXFileReference section */
		5E43D84485D06CE7E0269759 /* Pods-RxswiftTest.debug.xcconfig */ = {isa = PBXFileReference; includeInIndex = 1; lastKnownFileType = text.xcconfig; name = "Pods-RxswiftTest.debug.xcconfig"; path = "Pods/Target Support Files/Pods-RxswiftTest/Pods-RxswiftTest.debug.xcconfig"; sourceTree = "<group>"; };
		EE1D13FD63C6DEC9BEDFF5D7 /* Pods_RxswiftTest.framework */ = {isa = PBXFileReference; explicitFileType = wrapper.framework; includeInIndex = 0; path = Pods_RxswiftTest.framework; sourceTree = BUILT_PRODUCTS_DIR; };
		F4EB68F120CA58100007072D /* RxswiftTest.app */ = {isa = PBXFileReference; explicitFileType = wrapper.application; includeInIndex = 0; path = RxswiftTest.app; sourceTree = BUILT_PRODUCTS_DIR; };
		F4EB68F420CA58100007072D /* AppDelegate.swift */ = {isa = PBXFileReference; lastKnownFileType = sourcecode.swift; path = AppDelegate.swift; sourceTree = "<group>"; };
		F4EB68F920CA58100007072D /* Base */ = {isa = PBXFileReference; lastKnownFileType = file.storyboard; name = Base; path = Base.lproj/Main.storyboard; sourceTree = "<group>"; };
		F4EB68FB20CA58110007072D /* Assets.xcassets */ = {isa = PBXFileReference; lastKnownFileType = folder.assetcatalog; path = Assets.xcassets; sourceTree = "<group>"; };
		F4EB68FE20CA58110007072D /* Base */ = {isa = PBXFileReference; lastKnownFileType = file.storyboard; name = Base; path = Base.lproj/LaunchScreen.storyboard; sourceTree = "<group>"; };
		F4EB690020CA58110007072D /* Info.plist */ = {isa = PBXFileReference; lastKnownFileType = text.plist.xml; path = Info.plist; sourceTree = "<group>"; };
		F4EB690620CA58E70007072D /* MainViewController.swift */ = {isa = PBXFileReference; lastKnownFileType = sourcecode.swift; path = MainViewController.swift; sourceTree = "<group>"; };
		F4EB690720CA58E70007072D /* MainViewController.xib */ = {isa = PBXFileReference; lastKnownFileType = file.xib; path = MainViewController.xib; sourceTree = "<group>"; };
		F7F43A1EA18AAEA081557835 /* Pods-RxswiftTest.release.xcconfig */ = {isa = PBXFileReference; includeInIndex = 1; lastKnownFileType = text.xcconfig; name = "Pods-RxswiftTest.release.xcconfig"; path = "Pods/Target Support Files/Pods-RxswiftTest/Pods-RxswiftTest.release.xcconfig"; sourceTree = "<group>"; };
/* End PBXFileReference section */

/* Begin PBXFrameworksBuildPhase section */
		F4EB68EE20CA58100007072D /* Frameworks */ = {
			isa = PBXFrameworksBuildPhase;
			buildActionMask = 2147483647;
			files = (
				65BE531088C640C5A7677D53 /* Pods_RxswiftTest.framework in Frameworks */,
			);
			runOnlyForDeploymentPostprocessing = 0;
		};
/* End PBXFrameworksBuildPhase section */

/* Begin PBXGroup section */
		5FA9C7BBE595919E597E0E08 /* Frameworks */ = {
			isa = PBXGroup;
			children = (
				EE1D13FD63C6DEC9BEDFF5D7 /* Pods_RxswiftTest.framework */,
			);
			name = Frameworks;
			sourceTree = "<group>";
		};
		64E2C6DA58D280D06B3B576C /* Pods */ = {
			isa = PBXGroup;
			children = (
				5E43D84485D06CE7E0269759 /* Pods-RxswiftTest.debug.xcconfig */,
				F7F43A1EA18AAEA081557835 /* Pods-RxswiftTest.release.xcconfig */,
			);
			name = Pods;
			sourceTree = "<group>";
		};
		F4EB68E820CA58100007072D = {
			isa = PBXGroup;
			children = (
				F4EB68F320CA58100007072D /* RxswiftTest */,
				F4EB68F220CA58100007072D /* Products */,
				64E2C6DA58D280D06B3B576C /* Pods */,
				5FA9C7BBE595919E597E0E08 /* Frameworks */,
			);
			sourceTree = "<group>";
		};
		F4EB68F220CA58100007072D /* Products */ = {
			isa = PBXGroup;
			children = (
				F4EB68F120CA58100007072D /* RxswiftTest.app */,
			);
			name = Products;
			sourceTree = "<group>";
		};
		F4EB68F320CA58100007072D /* RxswiftTest */ = {
			isa = PBXGroup;
			children = (
				F4EB68F420CA58100007072D /* AppDelegate.swift */,
				F4EB690620CA58E70007072D /* MainViewController.swift */,
				F4EB690720CA58E70007072D /* MainViewController.xib */,
				F4EB68F820CA58100007072D /* Main.storyboard */,
				F4EB68FB20CA58110007072D /* Assets.xcassets */,
				F4EB68FD20CA58110007072D /* LaunchScreen.storyboard */,
				F4EB690020CA58110007072D /* Info.plist */,
			);
			path = RxswiftTest;
			sourceTree = "<group>";
		};
/* End PBXGroup section */

/* Begin PBXNativeTarget section */
		F4EB68F020CA58100007072D /* RxswiftTest */ = {
			isa = PBXNativeTarget;
			buildConfigurationList = F4EB690320CA58110007072D /* Build configuration list for PBXNativeTarget "RxswiftTest" */;
			buildPhases = (
				7B97071E29560EA297D72718 /* [CP] Check Pods Manifest.lock */,
				F4EB68ED20CA58100007072D /* Sources */,
				F4EB68EE20CA58100007072D /* Frameworks */,
				F4EB68EF20CA58100007072D /* Resources */,
				ECBD15101A992A7F4DA9F133 /* [CP] Embed Pods Frameworks */,
			);
			buildRules = (
			);
			dependencies = (
			);
			name = RxswiftTest;
			productName = RxswiftTest;
			productReference = F4EB68F120CA58100007072D /* RxswiftTest.app */;
			productType = "com.apple.product-type.application";
		};
/* End PBXNativeTarget section */

/* Begin PBXProject section */
		F4EB68E920CA58100007072D /* Project object */ = {
			isa = PBXProject;
			attributes = {
				LastSwiftUpdateCheck = 0930;
				LastUpgradeCheck = 0930;
				ORGANIZATIONNAME = Kayling;
				TargetAttributes = {
					F4EB68F020CA58100007072D = {
						CreatedOnToolsVersion = 9.3;
					};
				};
			};
			buildConfigurationList = F4EB68EC20CA58100007072D /* Build configuration list for PBXProject "RxswiftTest" */;
			compatibilityVersion = "Xcode 9.3";
			developmentRegion = en;
			hasScannedForEncodings = 0;
			knownRegions = (
				en,
				Base,
			);
			mainGroup = F4EB68E820CA58100007072D;
			productRefGroup = F4EB68F220CA58100007072D /* Products */;
			projectDirPath = "";
			projectRoot = "";
			targets = (
				F4EB68F020CA58100007072D /* RxswiftTest */,
			);
		};
/* End PBXProject section */

/* Begin PBXResourcesBuildPhase section */
		F4EB68EF20CA58100007072D /* Resources */ = {
			isa = PBXResourcesBuildPhase;
			buildActionMask = 2147483647;
			files = (
				F4EB68FF20CA58110007072D /* LaunchScreen.storyboard in Resources */,
				F4EB68FC20CA58110007072D /* Assets.xcassets in Resources */,
				F4EB68FA20CA58100007072D /* Main.storyboard in Resources */,
				F4EB690920CA58E70007072D /* MainViewController.xib in Resources */,
			);
			runOnlyForDeploymentPostprocessing = 0;
		};
/* End PBXResourcesBuildPhase section */

/* Begin PBXShellScriptBuildPhase section */
		7B97071E29560EA297D72718 /* [CP] Check Pods Manifest.lock */ = {
			isa = PBXShellScriptBuildPhase;
			buildActionMask = 2147483647;
			files = (
			);
			inputPaths = (
				"${PODS_PODFILE_DIR_PATH}/Podfile.lock",
				"${PODS_ROOT}/Manifest.lock",
			);
			name = "[CP] Check Pods Manifest.lock";
			outputPaths = (
				"$(DERIVED_FILE_DIR)/Pods-RxswiftTest-checkManifestLockResult.txt",
			);
			runOnlyForDeploymentPostprocessing = 0;
			shellPath = /bin/sh;
			shellScript = "diff \"${PODS_PODFILE_DIR_PATH}/Podfile.lock\" \"${PODS_ROOT}/Manifest.lock\" > /dev/null\nif [ $? != 0 ] ; then\n    # print error to STDERR\n    echo \"error: The sandbox is not in sync with the Podfile.lock. Run 'pod install' or update your CocoaPods installation.\" >&2\n    exit 1\nfi\n# This output is used by Xcode 'outputs' to avoid re-running this script phase.\necho \"SUCCESS\" > \"${SCRIPT_OUTPUT_FILE_0}\"\n";
			showEnvVarsInLog = 0;
		};
		ECBD15101A992A7F4DA9F133 /* [CP] Embed Pods Frameworks */ = {
			isa = PBXShellScriptBuildPhase;
			buildActionMask = 2147483647;
			files = (
			);
			inputPaths = (
				"${SRCROOT}/Pods/Target Support Files/Pods-RxswiftTest/Pods-RxswiftTest-frameworks.sh",
				"${BUILT_PRODUCTS_DIR}/RxCocoa/RxCocoa.framework",
				"${BUILT_PRODUCTS_DIR}/RxSwift/RxSwift.framework",
			);
			name = "[CP] Embed Pods Frameworks";
			outputPaths = (
				"${TARGET_BUILD_DIR}/${FRAMEWORKS_FOLDER_PATH}/RxCocoa.framework",
				"${TARGET_BUILD_DIR}/${FRAMEWORKS_FOLDER_PATH}/RxSwift.framework",
			);
			runOnlyForDeploymentPostprocessing = 0;
			shellPath = /bin/sh;
			shellScript = "\"${SRCROOT}/Pods/Target Support Files/Pods-RxswiftTest/Pods-RxswiftTest-frameworks.sh\"\n";
			showEnvVarsInLog = 0;
		};
/* End PBXShellScriptBuildPhase section */

/* Begin PBXSourcesBuildPhase section */
		F4EB68ED20CA58100007072D /* Sources */ = {
			isa = PBXSourcesBuildPhase;
			buildActionMask = 2147483647;
			files = (
				F4EB690820CA58E70007072D /* MainViewController.swift in Sources */,
				F4EB68F520CA58100007072D /* AppDelegate.swift in Sources */,
			);
			runOnlyForDeploymentPostprocessing = 0;
		};
/* End PBXSourcesBuildPhase section */

/* Begin PBXVariantGroup section */
		F4EB68F820CA58100007072D /* Main.storyboard */ = {
			isa = PBXVariantGroup;
			children = (
				F4EB68F920CA58100007072D /* Base */,
			);
			name = Main.storyboard;
			sourceTree = "<group>";
		};
		F4EB68FD20CA58110007072D /* LaunchScreen.storyboard */ = {
			isa = PBXVariantGroup;
			children = (
				F4EB68FE20CA58110007072D /* Base */,
			);
			name = LaunchScreen.storyboard;
			sourceTree = "<group>";
		};
/* End PBXVariantGroup section */

/* Begin XCBuildConfiguration section */
		F4EB690120CA58110007072D /* Debug */ = {
			isa = XCBuildConfiguration;
			buildSettings = {
				ALWAYS_SEARCH_USER_PATHS = NO;
				CLANG_ANALYZER_NONNULL = YES;
				CLANG_ANALYZER_NUMBER_OBJECT_CONVERSION = YES_AGGRESSIVE;
				CLANG_CXX_LANGUAGE_STANDARD = "gnu++14";
				CLANG_CXX_LIBRARY = "libc++";
				CLANG_ENABLE_MODULES = YES;
				CLANG_ENABLE_OBJC_ARC = YES;
				CLANG_ENABLE_OBJC_WEAK = YES;
				CLANG_WARN_BLOCK_CAPTURE_AUTORELEASING = YES;
				CLANG_WARN_BOOL_CONVERSION = YES;
				CLANG_WARN_COMMA = YES;
				CLANG_WARN_CONSTANT_CONVERSION = YES;
				CLANG_WARN_DEPRECATED_OBJC_IMPLEMENTATIONS = YES;
				CLANG_WARN_DIRECT_OBJC_ISA_USAGE = YES_ERROR;
				CLANG_WARN_DOCUMENTATION_COMMENTS = YES;
				CLANG_WARN_EMPTY_BODY = YES;
				CLANG_WARN_ENUM_CONVERSION = YES;
				CLANG_WARN_INFINITE_RECURSION = YES;
				CLANG_WARN_INT_CONVERSION = YES;
				CLANG_WARN_NON_LITERAL_NULL_CONVERSION = YES;
				CLANG_WARN_OBJC_IMPLICIT_RETAIN_SELF = YES;
				CLANG_WARN_OBJC_LITERAL_CONVERSION = YES;
				CLANG_WARN_OBJC_ROOT_CLASS = YES_ERROR;
				CLANG_WARN_RANGE_LOOP_ANALYSIS = YES;
				CLANG_WARN_STRICT_PROTOTYPES = YES;
				CLANG_WARN_SUSPICIOUS_MOVE = YES;
				CLANG_WARN_UNGUARDED_AVAILABILITY = YES_AGGRESSIVE;
				CLANG_WARN_UNREACHABLE_CODE = YES;
				CLANG_WARN__DUPLICATE_METHOD_MATCH = YES;
				CODE_SIGN_IDENTITY = "iPhone Developer";
				COPY_PHASE_STRIP = NO;
				DEBUG_INFORMATION_FORMAT = dwarf;
				ENABLE_STRICT_OBJC_MSGSEND = YES;
				ENABLE_TESTABILITY = YES;
				GCC_C_LANGUAGE_STANDARD = gnu11;
				GCC_DYNAMIC_NO_PIC = NO;
				GCC_NO_COMMON_BLOCKS = YES;
				GCC_OPTIMIZATION_LEVEL = 0;
				GCC_PREPROCESSOR_DEFINITIONS = (
					"DEBUG=1",
					"$(inherited)",
				);
				GCC_WARN_64_TO_32_BIT_CONVERSION = YES;
				GCC_WARN_ABOUT_RETURN_TYPE = YES_ERROR;
				GCC_WARN_UNDECLARED_SELECTOR = YES;
				GCC_WARN_UNINITIALIZED_AUTOS = YES_AGGRESSIVE;
				GCC_WARN_UNUSED_FUNCTION = YES;
				GCC_WARN_UNUSED_VARIABLE = YES;
				IPHONEOS_DEPLOYMENT_TARGET = 11.3;
				MTL_ENABLE_DEBUG_INFO = YES;
				ONLY_ACTIVE_ARCH = YES;
				SDKROOT = iphoneos;
				SWIFT_ACTIVE_COMPILATION_CONDITIONS = DEBUG;
				SWIFT_OPTIMIZATION_LEVEL = "-Onone";
			};
			name = Debug;
		};
		F4EB690220CA58110007072D /* Release */ = {
			isa = XCBuildConfiguration;
			buildSettings = {
				ALWAYS_SEARCH_USER_PATHS = NO;
				CLANG_ANALYZER_NONNULL = YES;
				CLANG_ANALYZER_NUMBER_OBJECT_CONVERSION = YES_AGGRESSIVE;
				CLANG_CXX_LANGUAGE_STANDARD = "gnu++14";
				CLANG_CXX_LIBRARY = "libc++";
				CLANG_ENABLE_MODULES = YES;
				CLANG_ENABLE_OBJC_ARC = YES;
				CLANG_ENABLE_OBJC_WEAK = YES;
				CLANG_WARN_BLOCK_CAPTURE_AUTORELEASING = YES;
				CLANG_WARN_BOOL_CONVERSION = YES;
				CLANG_WARN_COMMA = YES;
				CLANG_WARN_CONSTANT_CONVERSION = YES;
				CLANG_WARN_DEPRECATED_OBJC_IMPLEMENTATIONS = YES;
				CLANG_WARN_DIRECT_OBJC_ISA_USAGE = YES_ERROR;
				CLANG_WARN_DOCUMENTATION_COMMENTS = YES;
				CLANG_WARN_EMPTY_BODY = YES;
				CLANG_WARN_ENUM_CONVERSION = YES;
				CLANG_WARN_INFINITE_RECURSION = YES;
				CLANG_WARN_INT_CONVERSION = YES;
				CLANG_WARN_NON_LITERAL_NULL_CONVERSION = YES;
				CLANG_WARN_OBJC_IMPLICIT_RETAIN_SELF = YES;
				CLANG_WARN_OBJC_LITERAL_CONVERSION = YES;
				CLANG_WARN_OBJC_ROOT_CLASS = YES_ERROR;
				CLANG_WARN_RANGE_LOOP_ANALYSIS = YES;
				CLANG_WARN_STRICT_PROTOTYPES = YES;
				CLANG_WARN_SUSPICIOUS_MOVE = YES;
				CLANG_WARN_UNGUARDED_AVAILABILITY = YES_AGGRESSIVE;
				CLANG_WARN_UNREACHABLE_CODE = YES;
				CLANG_WARN__DUPLICATE_METHOD_MATCH = YES;
				CODE_SIGN_IDENTITY = "iPhone Developer";
				COPY_PHASE_STRIP = NO;
				DEBUG_INFORMATION_FORMAT = "dwarf-with-dsym";
				ENABLE_NS_ASSERTIONS = NO;
				ENABLE_STRICT_OBJC_MSGSEND = YES;
				GCC_C_LANGUAGE_STANDARD = gnu11;
				GCC_NO_COMMON_BLOCKS = YES;
				GCC_WARN_64_TO_32_BIT_CONVERSION = YES;
				GCC_WARN_ABOUT_RETURN_TYPE = YES_ERROR;
				GCC_WARN_UNDECLARED_SELECTOR = YES;
				GCC_WARN_UNINITIALIZED_AUTOS = YES_AGGRESSIVE;
				GCC_WARN_UNUSED_FUNCTION = YES;
				GCC_WARN_UNUSED_VARIABLE = YES;
				IPHONEOS_DEPLOYMENT_TARGET = 11.3;
				MTL_ENABLE_DEBUG_INFO = NO;
				SDKROOT = iphoneos;
				SWIFT_COMPILATION_MODE = wholemodule;
				SWIFT_OPTIMIZATION_LEVEL = "-O";
				VALIDATE_PRODUCT = YES;
			};
			name = Release;
		};
		F4EB690420CA58110007072D /* Debug */ = {
			isa = XCBuildConfiguration;
			baseConfigurationReference = 5E43D84485D06CE7E0269759 /* Pods-RxswiftTest.debug.xcconfig */;
			buildSettings = {
				ASSETCATALOG_COMPILER_APPICON_NAME = AppIcon;
				CODE_SIGN_STYLE = Automatic;
				DEVELOPMENT_TEAM = 3VWZXR7N29;
				INFOPLIST_FILE = RxswiftTest/Info.plist;
				LD_RUNPATH_SEARCH_PATHS = "$(inherited) @executable_path/Frameworks";
				PRODUCT_BUNDLE_IDENTIFIER = com.rongyu.RxswiftTest;
				PRODUCT_NAME = "$(TARGET_NAME)";
				SWIFT_VERSION = 4.0;
				TARGETED_DEVICE_FAMILY = "1,2";
			};
			name = Debug;
		};
		F4EB690520CA58110007072D /* Release */ = {
			isa = XCBuildConfiguration;
			baseConfigurationReference = F7F43A1EA18AAEA081557835 /* Pods-RxswiftTest.release.xcconfig */;
			buildSettings = {
				ASSETCATALOG_COMPILER_APPICON_NAME = AppIcon;
				CODE_SIGN_STYLE = Automatic;
				DEVELOPMENT_TEAM = 3VWZXR7N29;
				INFOPLIST_FILE = RxswiftTest/Info.plist;
				LD_RUNPATH_SEARCH_PATHS = "$(inherited) @executable_path/Frameworks";
				PRODUCT_BUNDLE_IDENTIFIER = com.rongyu.RxswiftTest;
				PRODUCT_NAME = "$(TARGET_NAME)";
				SWIFT_VERSION = 4.0;
				TARGETED_DEVICE_FAMILY = "1,2";
			};
			name = Release;
		};
/* End XCBuildConfiguration section */

/* Begin XCConfigurationList section */
		F4EB68EC20CA58100007072D /* Build configuration list for PBXProject "RxswiftTest" */ = {
			isa = XCConfigurationList;
			buildConfigurations = (
				F4EB690120CA58110007072D /* Debug */,
				F4EB690220CA58110007072D /* Release */,
			);
			defaultConfigurationIsVisible = 0;
			defaultConfigurationName = Release;
		};
		F4EB690320CA58110007072D /* Build configuration list for PBXNativeTarget "RxswiftTest" */ = {
			isa = XCConfigurationList;
			buildConfigurations = (
				F4EB690420CA58110007072D /* Debug */,
				F4EB690520CA58110007072D /* Release */,
			);
			defaultConfigurationIsVisible = 0;
			defaultConfigurationName = Release;
		};
/* End XCConfigurationList section */
	};
	rootObject = F4EB68E920CA58100007072D /* Project object */;
}
